dependencies:
  atanisoft/esp_lcd_touch_xpt2046:
    component_hash: 08a7d39e7dfd96258d3bfedafab827ddb40879ba4d33a4573a2f13c5aa994351
    source:
      service_url: https://api.components.espressif.com/
      type: service
    version: 1.0.2
  espressif__esp_lcd_touch:
    component_hash: null
    source:
      path: /home/t126401/visual/iotThermostat/components/espressif__esp_lcd_touch
      type: local
    version: 1.0.4
  espressif__esp_lcd_touch_gt911:
    component_hash: null
    source:
      path: /home/t126401/visual/iotThermostat/components/espressif__esp_lcd_touch_gt911
      type: local
    version: 1.0.0
  idf:
    component_hash: null
    source:
      type: idf
    version: 5.3.0
  lvgl/lvgl:
    component_hash: 51022b16bce6ee90f54a8bd21cd6d497d886916899b577b1bebb9125b91e23fc
    source:
      service_url: https://api.components.espressif.com/
      type: service
    version: 8.3.10
manifest_hash: d2ec3e7d201f396ed63808f3dc974e70b65701d4716378b2b01d003d869de8ae
target: esp32s3
version: 1.0.0
