dependencies:
  atanisoft/esp_lcd_touch_xpt2046:
    component_hash: 08a7d39e7dfd96258d3bfedafab827ddb40879ba4d33a4573a2f13c5aa994351
    source:
      service_url: https://api.components.espressif.com/
      type: service
    version: 1.0.2
  espressif/esp_lcd_touch:
    component_hash: 6cc76832cda51d73353a7e8d7aa07073d6cdb75b1ad66e2d98badd768f6c830a
    source:
      service_url: https://api.components.espressif.com/
      type: service
    version: 1.1.0
  espressif/esp_lcd_touch_gt911:
    component_hash: 5c23166e9eeeea779ee39ce47d35dd5cdd9a7f05a32fb93b4a55612dab85572f
    source:
      service_url: https://api.components.espressif.com/
      type: service
    version: 1.0.0
  idf:
    component_hash: null
    source:
      type: idf
    version: 5.2.0
  lvgl/lvgl:
    component_hash: 51022b16bce6ee90f54a8bd21cd6d497d886916899b577b1bebb9125b91e23fc
    source:
      service_url: https://api.components.espressif.com/
      type: service
    version: 8.3.10
manifest_hash: 286d4276e9841e1cf587e8687d631595c722ce802441633b4e0306d577ee3c86
target: esp32s3
version: 1.0.0
